
Microsoft Visual Studio Solution File, Format Version 12.00
# Visual Studio Version 17
VisualStudioVersion = 17.13.35913.81
MinimumVisualStudioVersion = 10.0.40219.1
Project("{FAE04EC0-301F-11D3-BF4B-00C04F79EFBC}") = "Comandas.Api", "Comandas.Api\Comandas.Api.csproj", "{C33187A4-2271-4CAB-9497-4B535E38E517}"
EndProject
Project("{2150E333-8FDC-42A3-9474-1A3956D46DE8}") = "01-Presentation", "01-Presentation", "{02EA681E-C7D8-13C7-8484-4AC65E1B71E8}"
EndProject
Project("{2150E333-8FDC-42A3-9474-1A3956D46DE8}") = "02-Application", "02-Application", "{BF4559B8-5C45-40CE-B789-8458086E1A50}"
EndProject
Project("{2150E333-8FDC-42A3-9474-1A3956D46DE8}") = "03-Domain", "03-Domain", "{1D7A8530-C99E-445A-8538-0A105586A2D9}"
EndProject
Project("{2150E333-8FDC-42A3-9474-1A3956D46DE8}") = "04-Infra", "04-Infra", "{65F288B8-0103-4FA4-BB30-83CDD65D98F4}"
EndProject
Project("{2150E333-8FDC-42A3-9474-1A3956D46DE8}") = "05-Tests", "05-Tests", "{1AC93A24-CBF4-4CF4-B6A5-5A28ABF6EB33}"
EndProject
Project("{2150E333-8FDC-42A3-9474-1A3956D46DE8}") = "04.1-Data", "04.1-Data", "{CCBAE35C-10D5-4C47-B251-B4ED2505F4C7}"
EndProject
Project("{2150E333-8FDC-42A3-9474-1A3956D46DE8}") = "04.2-Shared", "04.2-Shared", "{25B63BE6-5622-4979-94E1-5683F21825C4}"
EndProject
Project("{FAE04EC0-301F-11D3-BF4B-00C04F79EFBC}") = "Comandas.Application", "Comandas.Application\Comandas.Application\Comandas.Application.csproj", "{0F901900-CEAF-406A-B10D-04AD5D791022}"
EndProject
Project("{FAE04EC0-301F-11D3-BF4B-00C04F79EFBC}") = "Comandas.Domain", "Comandas.Domain\Comandas.Domain\Comandas.Domain.csproj", "{0637B32D-75BB-406D-9779-B2615968FA42}"
EndProject
Project("{FAE04EC0-301F-11D3-BF4B-00C04F79EFBC}") = "Comandas.Data", "Comandas.Data\Comandas.Data\Comandas.Data.csproj", "{016D2ABD-0B94-40B6-A3A8-13ACE6E8F9E3}"
EndProject
Project("{FAE04EC0-301F-11D3-BF4B-00C04F79EFBC}") = "Comandas.Shared", "Comandas.Shared\Comandas.Shared\Comandas.Shared.csproj", "{55BF2F90-129E-4054-841D-ECC096A378C9}"
EndProject
Project("{FAE04EC0-301F-11D3-BF4B-00C04F79EFBC}") = "Comandas.Tests", "Comandas.Tests\Comandas.Tests\Comandas.Tests.csproj", "{C93D340A-8C72-4420-88B2-94602982ED46}"
EndProject
Global
	GlobalSection(SolutionConfigurationPlatforms) = preSolution
		Debug|Any CPU = Debug|Any CPU
		Release|Any CPU = Release|Any CPU
	EndGlobalSection
	GlobalSection(ProjectConfigurationPlatforms) = postSolution
		{C33187A4-2271-4CAB-9497-4B535E38E517}.Debug|Any CPU.ActiveCfg = Debug|Any CPU
		{C33187A4-2271-4CAB-9497-4B535E38E517}.Debug|Any CPU.Build.0 = Debug|Any CPU
		{C33187A4-2271-4CAB-9497-4B535E38E517}.Release|Any CPU.ActiveCfg = Release|Any CPU
		{C33187A4-2271-4CAB-9497-4B535E38E517}.Release|Any CPU.Build.0 = Release|Any CPU
		{0F901900-CEAF-406A-B10D-04AD5D791022}.Debug|Any CPU.ActiveCfg = Debug|Any CPU
		{0F901900-CEAF-406A-B10D-04AD5D791022}.Debug|Any CPU.Build.0 = Debug|Any CPU
		{0F901900-CEAF-406A-B10D-04AD5D791022}.Release|Any CPU.ActiveCfg = Release|Any CPU
		{0F901900-CEAF-406A-B10D-04AD5D791022}.Release|Any CPU.Build.0 = Release|Any CPU
		{0637B32D-75BB-406D-9779-B2615968FA42}.Debug|Any CPU.ActiveCfg = Debug|Any CPU
		{0637B32D-75BB-406D-9779-B2615968FA42}.Debug|Any CPU.Build.0 = Debug|Any CPU
		{0637B32D-75BB-406D-9779-B2615968FA42}.Release|Any CPU.ActiveCfg = Release|Any CPU
		{0637B32D-75BB-406D-9779-B2615968FA42}.Release|Any CPU.Build.0 = Release|Any CPU
		{016D2ABD-0B94-40B6-A3A8-13ACE6E8F9E3}.Debug|Any CPU.ActiveCfg = Debug|Any CPU
		{016D2ABD-0B94-40B6-A3A8-13ACE6E8F9E3}.Debug|Any CPU.Build.0 = Debug|Any CPU
		{016D2ABD-0B94-40B6-A3A8-13ACE6E8F9E3}.Release|Any CPU.ActiveCfg = Release|Any CPU
		{016D2ABD-0B94-40B6-A3A8-13ACE6E8F9E3}.Release|Any CPU.Build.0 = Release|Any CPU
		{55BF2F90-129E-4054-841D-ECC096A378C9}.Debug|Any CPU.ActiveCfg = Debug|Any CPU
		{55BF2F90-129E-4054-841D-ECC096A378C9}.Debug|Any CPU.Build.0 = Debug|Any CPU
		{55BF2F90-129E-4054-841D-ECC096A378C9}.Release|Any CPU.ActiveCfg = Release|Any CPU
		{55BF2F90-129E-4054-841D-ECC096A378C9}.Release|Any CPU.Build.0 = Release|Any CPU
		{C93D340A-8C72-4420-88B2-94602982ED46}.Debug|Any CPU.ActiveCfg = Debug|Any CPU
		{C93D340A-8C72-4420-88B2-94602982ED46}.Debug|Any CPU.Build.0 = Debug|Any CPU
		{C93D340A-8C72-4420-88B2-94602982ED46}.Release|Any CPU.ActiveCfg = Release|Any CPU
		{C93D340A-8C72-4420-88B2-94602982ED46}.Release|Any CPU.Build.0 = Release|Any CPU
	EndGlobalSection
	GlobalSection(SolutionProperties) = preSolution
		HideSolutionNode = FALSE
	EndGlobalSection
	GlobalSection(NestedProjects) = preSolution
		{C33187A4-2271-4CAB-9497-4B535E38E517} = {02EA681E-C7D8-13C7-8484-4AC65E1B71E8}
		{CCBAE35C-10D5-4C47-B251-B4ED2505F4C7} = {65F288B8-0103-4FA4-BB30-83CDD65D98F4}
		{25B63BE6-5622-4979-94E1-5683F21825C4} = {65F288B8-0103-4FA4-BB30-83CDD65D98F4}
		{0F901900-CEAF-406A-B10D-04AD5D791022} = {BF4559B8-5C45-40CE-B789-8458086E1A50}
		{0637B32D-75BB-406D-9779-B2615968FA42} = {1D7A8530-C99E-445A-8538-0A105586A2D9}
		{016D2ABD-0B94-40B6-A3A8-13ACE6E8F9E3} = {CCBAE35C-10D5-4C47-B251-B4ED2505F4C7}
		{55BF2F90-129E-4054-841D-ECC096A378C9} = {25B63BE6-5622-4979-94E1-5683F21825C4}
		{C93D340A-8C72-4420-88B2-94602982ED46} = {1AC93A24-CBF4-4CF4-B6A5-5A28ABF6EB33}
	EndGlobalSection
	GlobalSection(ExtensibilityGlobals) = postSolution
		SolutionGuid = {D0609F7C-D12F-497E-965E-D2DFAD2F2B71}
	EndGlobalSection
EndGlobal
